<?xml version="1.0" encoding="utf-8"?>
<Project ToolsVersion="4.0" xmlns="http://schemas.microsoft.com/developer/msbuild/2003">
  <ItemGroup>
    <Filter Include="Fichiers sources">
      <UniqueIdentifier>{4FC737F1-C7A5-4376-A066-2A32D752A2FF}</UniqueIdentifier>
      <Extensions>cpp;c;cc;cxx;c++;cppm;ixx;def;odl;idl;hpj;bat;asm;asmx</Extensions>
    </Filter>
    <Filter Include="Fichiers d%27en-tête">
      <UniqueIdentifier>{93995380-89BD-4b04-88EB-625FBE52EBFB}</UniqueIdentifier>
      <Extensions>h;hh;hpp;hxx;h++;hm;inl;inc;ipp;xsd</Extensions>
    </Filter>
    <Filter Include="Fichiers de ressources">
      <UniqueIdentifier>{67DA6AB6-F800-4c08-8B7A-83BB121AAD01}</UniqueIdentifier>
      <Extensions>rc;ico;cur;bmp;dlg;rc2;rct;bin;rgs;gif;jpg;jpeg;jpe;resx;tiff;tif;png;wav;mfcribbon-ms</Extensions>
    </Filter>
    <Filter Include="Fichiers d%27en-tête\Network">
      <UniqueIdentifier>{deceee4c-d73e-4a3d-adbf-49bd18b257e0}</UniqueIdentifier>
    </Filter>
    <Filter Include="Fichiers sources\Network">
      <UniqueIdentifier>{83fed554-6915-4cee-8b48-9bfc1ed8a692}</UniqueIdentifier>
    </Filter>
    <Filter Include="Fichiers sources\Protocol">
      <UniqueIdentifier>{a02b31e9-7131-4914-aa35-a6a1c3a62421}</UniqueIdentifier>
    </Filter>
    <Filter Include="Fichiers sources\Protocol\Messages">
      <UniqueIdentifier>{a945c537-1754-4556-bb3a-481641d0aab3}</UniqueIdentifier>
    </Filter>
  </ItemGroup>
  <ItemGroup>
    <ClCompile Include="Program.cpp">
      <Filter>Fichiers sources</Filter>
    </ClCompile>
    <ClCompile Include="Client.cpp">
      <Filter>Fichiers sources\Network</Filter>
    </ClCompile>
    <ClCompile Include="..\Common\EventManager.cpp">
      <Filter>Fichiers sources\Protocol</Filter>
    </ClCompile>
    <ClCompile Include="..\Common\CreateClientMessage.cpp">
      <Filter>Fichiers sources\Protocol\Messages</Filter>
    </ClCompile>
  </ItemGroup>
  <ItemGroup>
    <ClInclude Include="Client.h">
      <Filter>Fichiers d%27en-tête\Network</Filter>
    </ClInclude>
  </ItemGroup>
</Project>