<?xml version="1.0" encoding="utf-8"?>
<Project ToolsVersion="4.0" xmlns="http://schemas.microsoft.com/developer/msbuild/2003">
  <ItemGroup>
    <Filter Include="Fichiers sources">
      <UniqueIdentifier>{4FC737F1-C7A5-4376-A066-2A32D752A2FF}</UniqueIdentifier>
      <Extensions>cpp;c;cc;cxx;c++;cppm;ixx;def;odl;idl;hpj;bat;asm;asmx</Extensions>
    </Filter>
    <Filter Include="Fichiers d%27en-tête">
      <UniqueIdentifier>{93995380-89BD-4b04-88EB-625FBE52EBFB}</UniqueIdentifier>
      <Extensions>h;hh;hpp;hxx;h++;hm;inl;inc;ipp;xsd</Extensions>
    </Filter>
    <Filter Include="Fichiers de ressources">
      <UniqueIdentifier>{67DA6AB6-F800-4c08-8B7A-83BB121AAD01}</UniqueIdentifier>
      <Extensions>rc;ico;cur;bmp;dlg;rc2;rct;bin;rgs;gif;jpg;jpeg;jpe;resx;tiff;tif;png;wav;mfcribbon-ms</Extensions>
    </Filter>
    <Filter Include="Fichiers sources\Protocol">
      <UniqueIdentifier>{c248af46-5e06-4bc0-b483-3a602b514896}</UniqueIdentifier>
    </Filter>
    <Filter Include="Fichiers d%27en-tête\Network">
      <UniqueIdentifier>{dd5079e7-9bc6-499a-89bf-ff05f0c9af81}</UniqueIdentifier>
    </Filter>
    <Filter Include="Fichiers sources\Network">
      <UniqueIdentifier>{4e9244f8-100d-4a36-911e-df933a2836ae}</UniqueIdentifier>
    </Filter>
    <Filter Include="Fichiers sources\Protocol\Messages">
      <UniqueIdentifier>{ad55f803-3567-4526-a5d1-4bc78bee0f54}</UniqueIdentifier>
    </Filter>
    <Filter Include="Fichiers sources\Protocol\Messages\Player">
      <UniqueIdentifier>{84914d5e-8232-407f-8a82-daead2aeaa90}</UniqueIdentifier>
    </Filter>
    <Filter Include="Fichiers d%27en-tête\Network\Protocol">
      <UniqueIdentifier>{6ce56e46-5ebd-49d4-83e7-ef33a0f8687e}</UniqueIdentifier>
    </Filter>
    <Filter Include="Fichiers d%27en-tête\Network\Protocol\Messages">
      <UniqueIdentifier>{c155d213-a0b2-4f7a-b50f-c906bd9b365b}</UniqueIdentifier>
    </Filter>
    <Filter Include="Fichiers d%27en-tête\Network\Protocol\Messages\Player">
      <UniqueIdentifier>{095c685a-4b5f-49b7-a5fc-14a011762a96}</UniqueIdentifier>
    </Filter>
    <Filter Include="Fichiers d%27en-tête\Network\IO">
      <UniqueIdentifier>{719252d5-af4d-40eb-8586-6015f53805a2}</UniqueIdentifier>
    </Filter>
    <Filter Include="Fichiers sources\Network\IO">
      <UniqueIdentifier>{c55e7635-4789-4fcd-93b4-84933bea9f7c}</UniqueIdentifier>
    </Filter>
  </ItemGroup>
  <ItemGroup>
    <ClCompile Include="Program.cpp">
      <Filter>Fichiers sources</Filter>
    </ClCompile>
    <ClCompile Include="EventManager.cpp">
      <Filter>Fichiers sources\Protocol</Filter>
    </ClCompile>
    <ClCompile Include="Server.cpp">
      <Filter>Fichiers sources\Network</Filter>
    </ClCompile>
    <ClCompile Include="Message.h">
      <Filter>Fichiers d%27en-tête\Network\Protocol\Messages</Filter>
    </ClCompile>
    <ClCompile Include="CreatePlayerMessage.h">
      <Filter>Fichiers d%27en-tête\Network\Protocol\Messages\Player</Filter>
    </ClCompile>
    <ClCompile Include="CreatePlayerMessage.cpp">
      <Filter>Fichiers sources\Protocol\Messages\Player</Filter>
    </ClCompile>
    <ClCompile Include="Reader.cpp">
      <Filter>Fichiers sources\Network\IO</Filter>
    </ClCompile>
  </ItemGroup>
  <ItemGroup>
    <ClInclude Include="EventManager.h">
      <Filter>Fichiers d%27en-tête\Network\Protocol</Filter>
    </ClInclude>
    <ClInclude Include="Server.h">
      <Filter>Fichiers d%27en-tête\Network</Filter>
    </ClInclude>
    <ClInclude Include="Reader.h">
      <Filter>Fichiers d%27en-tête\Network\IO</Filter>
    </ClInclude>
    <ClInclude Include="Writer.h">
      <Filter>Fichiers d%27en-tête\Network\IO</Filter>
    </ClInclude>
  </ItemGroup>
</Project>