<?xml version="1.0" encoding="utf-8"?>
<Project ToolsVersion="4.0" xmlns="http://schemas.microsoft.com/developer/msbuild/2003">
  <ItemGroup>
    <Filter Include="Fichiers sources">
      <UniqueIdentifier>{4FC737F1-C7A5-4376-A066-2A32D752A2FF}</UniqueIdentifier>
      <Extensions>cpp;c;cc;cxx;c++;cppm;ixx;def;odl;idl;hpj;bat;asm;asmx</Extensions>
    </Filter>
    <Filter Include="Fichiers d%27en-tête">
      <UniqueIdentifier>{93995380-89BD-4b04-88EB-625FBE52EBFB}</UniqueIdentifier>
      <Extensions>h;hh;hpp;hxx;h++;hm;inl;inc;ipp;xsd</Extensions>
    </Filter>
    <Filter Include="Fichiers de ressources">
      <UniqueIdentifier>{67DA6AB6-F800-4c08-8B7A-83BB121AAD01}</UniqueIdentifier>
      <Extensions>rc;ico;cur;bmp;dlg;rc2;rct;bin;rgs;gif;jpg;jpeg;jpe;resx;tiff;tif;png;wav;mfcribbon-ms</Extensions>
    </Filter>
    <Filter Include="Fichiers sources\Protocol">
      <UniqueIdentifier>{c248af46-5e06-4bc0-b483-3a602b514896}</UniqueIdentifier>
    </Filter>
    <Filter Include="Fichiers d%27en-tête\Protocol">
      <UniqueIdentifier>{6ce56e46-5ebd-49d4-83e7-ef33a0f8687e}</UniqueIdentifier>
    </Filter>
    <Filter Include="Fichiers d%27en-tête\Handlers">
      <UniqueIdentifier>{ce1c06b9-55ff-4bf2-a6b8-956771246e79}</UniqueIdentifier>
    </Filter>
    <Filter Include="Fichiers d%27en-tête\Handlers\Approach">
      <UniqueIdentifier>{2a744e07-a874-4834-a207-bfd220a85034}</UniqueIdentifier>
    </Filter>
    <Filter Include="Fichiers d%27en-tête\Entity">
      <UniqueIdentifier>{2a29f191-4072-4d85-a64a-f7316819c9ed}</UniqueIdentifier>
    </Filter>
    <Filter Include="Fichiers d%27en-tête\Network">
      <UniqueIdentifier>{dd5079e7-9bc6-499a-89bf-ff05f0c9af81}</UniqueIdentifier>
    </Filter>
    <Filter Include="Fichiers sources\Network">
      <UniqueIdentifier>{4e9244f8-100d-4a36-911e-df933a2836ae}</UniqueIdentifier>
    </Filter>
  </ItemGroup>
  <ItemGroup>
    <ClCompile Include="Program.cpp">
      <Filter>Fichiers sources</Filter>
    </ClCompile>
    <ClCompile Include="EventManager.cpp">
      <Filter>Fichiers sources\Protocol</Filter>
    </ClCompile>
    <ClCompile Include="Server.cpp">
      <Filter>Fichiers sources\Network</Filter>
    </ClCompile>
  </ItemGroup>
  <ItemGroup>
    <ClInclude Include="EventManager.h">
      <Filter>Fichiers d%27en-tête\Protocol</Filter>
    </ClInclude>
    <ClInclude Include="ApproachHandler.h">
      <Filter>Fichiers d%27en-tête\Handlers\Approach</Filter>
    </ClInclude>
    <ClInclude Include="Client.h">
      <Filter>Fichiers d%27en-tête\Entity</Filter>
    </ClInclude>
    <ClInclude Include="Server.h">
      <Filter>Fichiers d%27en-tête\Network</Filter>
    </ClInclude>
  </ItemGroup>
</Project>